
Microsoft Visual Studio Solution File, Format Version 12.00
Project("{FAE04EC0-301F-11D3-BF4B-00C04F79EFBC}") = "TestApp", "TestApp\TestApp.csproj", "{A9E2C992-ABC4-4F9C-AE09-AEDDFBEF19D3}"
EndProject
Project("{FAE04EC0-301F-11D3-BF4B-00C04F79EFBC}") = "HashCore", "HashCore\HashCore.csproj", "{948B1C0A-7C0C-487F-8016-52BB76E08D98}"
EndProject
Project("{FAE04EC0-301F-11D3-BF4B-00C04F79EFBC}") = "Presentation", "Presentation\Presentation.csproj", "{45ED9558-9AB4-4200-A1A4-B1989C4A08FA}"
EndProject
Global
	GlobalSection(SolutionConfigurationPlatforms) = preSolution
		Debug|Any CPU = Debug|Any CPU
		Release|Any CPU = Release|Any CPU
	EndGlobalSection
	GlobalSection(ProjectConfigurationPlatforms) = postSolution
		{A9E2C992-ABC4-4F9C-AE09-AEDDFBEF19D3}.Debug|Any CPU.ActiveCfg = Debug|Any CPU
		{A9E2C992-ABC4-4F9C-AE09-AEDDFBEF19D3}.Debug|Any CPU.Build.0 = Debug|Any CPU
		{A9E2C992-ABC4-4F9C-AE09-AEDDFBEF19D3}.Release|Any CPU.ActiveCfg = Release|Any CPU
		{A9E2C992-ABC4-4F9C-AE09-AEDDFBEF19D3}.Release|Any CPU.Build.0 = Release|Any CPU
		{948B1C0A-7C0C-487F-8016-52BB76E08D98}.Debug|Any CPU.ActiveCfg = Debug|Any CPU
		{948B1C0A-7C0C-487F-8016-52BB76E08D98}.Debug|Any CPU.Build.0 = Debug|Any CPU
		{948B1C0A-7C0C-487F-8016-52BB76E08D98}.Release|Any CPU.ActiveCfg = Release|Any CPU
		{948B1C0A-7C0C-487F-8016-52BB76E08D98}.Release|Any CPU.Build.0 = Release|Any CPU
		{45ED9558-9AB4-4200-A1A4-B1989C4A08FA}.Debug|Any CPU.ActiveCfg = Debug|Any CPU
		{45ED9558-9AB4-4200-A1A4-B1989C4A08FA}.Debug|Any CPU.Build.0 = Debug|Any CPU
		{45ED9558-9AB4-4200-A1A4-B1989C4A08FA}.Release|Any CPU.ActiveCfg = Release|Any CPU
		{45ED9558-9AB4-4200-A1A4-B1989C4A08FA}.Release|Any CPU.Build.0 = Release|Any CPU
	EndGlobalSection
EndGlobal
